
Microsoft Visual Studio Solution File, Format Version 12.00
# Visual Studio Version 16
VisualStudioVersion = 16.0.31321.278
MinimumVisualStudioVersion = 10.0.40219.1
Project("{9A19103F-16F7-4668-BE54-9A1E7A4F7556}") = "CarShop", "..\Exams\CarShop\Apps\CarShop\CarShop.csproj", "{A4014940-2DD3-4868-854C-00961BB73CB6}"
EndProject
Project("{9A19103F-16F7-4668-BE54-9A1E7A4F7556}") = "MyWebServer", "..\Exams\CarShop\MyWebServer\MyWebServer.csproj", "{8A8B4E77-4921-4276-AC74-F25B4C5D8421}"
EndProject
Global
	GlobalSection(SolutionConfigurationPlatforms) = preSolution
		Debug|Any CPU = Debug|Any CPU
		Release|Any CPU = Release|Any CPU
	EndGlobalSection
	GlobalSection(ProjectConfigurationPlatforms) = postSolution
		{A4014940-2DD3-4868-854C-00961BB73CB6}.Debug|Any CPU.ActiveCfg = Debug|Any CPU
		{A4014940-2DD3-4868-854C-00961BB73CB6}.Debug|Any CPU.Build.0 = Debug|Any CPU
		{A4014940-2DD3-4868-854C-00961BB73CB6}.Release|Any CPU.ActiveCfg = Release|Any CPU
		{A4014940-2DD3-4868-854C-00961BB73CB6}.Release|Any CPU.Build.0 = Release|Any CPU
		{8A8B4E77-4921-4276-AC74-F25B4C5D8421}.Debug|Any CPU.ActiveCfg = Debug|Any CPU
		{8A8B4E77-4921-4276-AC74-F25B4C5D8421}.Debug|Any CPU.Build.0 = Debug|Any CPU
		{8A8B4E77-4921-4276-AC74-F25B4C5D8421}.Release|Any CPU.ActiveCfg = Release|Any CPU
		{8A8B4E77-4921-4276-AC74-F25B4C5D8421}.Release|Any CPU.Build.0 = Release|Any CPU
	EndGlobalSection
	GlobalSection(SolutionProperties) = preSolution
		HideSolutionNode = FALSE
	EndGlobalSection
	GlobalSection(ExtensibilityGlobals) = postSolution
		SolutionGuid = {52EF07A7-98DA-4889-9873-997156902E62}
	EndGlobalSection
EndGlobal
